# This file is automatically @generated by Cargo.
# It is not intended for manual editing.
version = 4

[[package]]
name = "hibana"
version = "0.1.0"
source = "git+https://github.com/hibanaworks/hibana?rev=ebeddd96956912dc79d528c1bb0537c28f646ad1#ebeddd96956912dc79d528c1bb0537c28f646ad1"

[[package]]
name = "hibana-epf"
version = "0.1.0"
dependencies = [
 "hibana",
]
