# This file is automatically @generated by Cargo.
# It is not intended for manual editing.
version = 4

[[package]]
name = "hibana"
version = "0.1.0"
source = "git+https://github.com/hibanaworks/hibana?rev=5b0a522a85694718743b19caa1cadb470cf3a22d#5b0a522a85694718743b19caa1cadb470cf3a22d"

[[package]]
name = "hibana-epf"
version = "0.1.0"
dependencies = [
 "hibana",
]
